
Microsoft Visual Studio Solution File, Format Version 12.00
# Visual Studio Version 17
VisualStudioVersion = 17.3.32929.385
MinimumVisualStudioVersion = 10.0.40219.1
Project("{FAE04EC0-301F-11D3-BF4B-00C04F79EFBC}") = "Exe5_101_Kleompok1", "Exe5_101_Kleompok1.csproj", "{58EA9E93-18D1-4405-825E-A4C366D37ECE}"
EndProject
Global
	GlobalSection(SolutionConfigurationPlatforms) = preSolution
		Debug|Any CPU = Debug|Any CPU
		Release|Any CPU = Release|Any CPU
	EndGlobalSection
	GlobalSection(ProjectConfigurationPlatforms) = postSolution
		{58EA9E93-18D1-4405-825E-A4C366D37ECE}.Debug|Any CPU.ActiveCfg = Debug|Any CPU
		{58EA9E93-18D1-4405-825E-A4C366D37ECE}.Debug|Any CPU.Build.0 = Debug|Any CPU
		{58EA9E93-18D1-4405-825E-A4C366D37ECE}.Release|Any CPU.ActiveCfg = Release|Any CPU
		{58EA9E93-18D1-4405-825E-A4C366D37ECE}.Release|Any CPU.Build.0 = Release|Any CPU
	EndGlobalSection
	GlobalSection(SolutionProperties) = preSolution
		HideSolutionNode = FALSE
	EndGlobalSection
	GlobalSection(ExtensibilityGlobals) = postSolution
		SolutionGuid = {0F64561F-FDC2-4599-A36A-5BAF7E036115}
	EndGlobalSection
EndGlobal
